// !$*UTF8*$!
{
	archiveVersion = 1;
	classes = {
	};
	objectVersion = 56;
	objects = {

/* Begin PBXBuildFile section */
		A32E2CAC296ED7C600BCF5A5 /* CheckBoxRadioButtonDemoAppApp.swift in Sources */ = {isa = PBXBuildFile; fileRef = A32E2CAB296ED7C600BCF5A5 /* CheckBoxRadioButtonDemoAppApp.swift */; };
		A32E2CAE296ED7C600BCF5A5 /* ContentView.swift in Sources */ = {isa = PBXBuildFile; fileRef = A32E2CAD296ED7C600BCF5A5 /* ContentView.swift */; };
		A32E2CB0296ED7C900BCF5A5 /* Assets.xcassets in Resources */ = {isa = PBXBuildFile; fileRef = A32E2CAF296ED7C900BCF5A5 /* Assets.xcassets */; };
		A32E2CB3296ED7C900BCF5A5 /* Preview Assets.xcassets in Resources */ = {isa = PBXBuildFile; fileRef = A32E2CB2296ED7C900BCF5A5 /* Preview Assets.xcassets */; };
		A32E2CBD296ED7C900BCF5A5 /* CheckBoxRadioButtonDemoAppTests.swift in Sources */ = {isa = PBXBuildFile; fileRef = A32E2CBC296ED7C900BCF5A5 /* CheckBoxRadioButtonDemoAppTests.swift */; };
		A32E2CC7296ED7C900BCF5A5 /* CheckBoxRadioButtonDemoAppUITests.swift in Sources */ = {isa = PBXBuildFile; fileRef = A32E2CC6296ED7C900BCF5A5 /* CheckBoxRadioButtonDemoAppUITests.swift */; };
		A32E2CC9296ED7C900BCF5A5 /* CheckBoxRadioButtonDemoAppUITestsLaunchTests.swift in Sources */ = {isa = PBXBuildFile; fileRef = A32E2CC8296ED7C900BCF5A5 /* CheckBoxRadioButtonDemoAppUITestsLaunchTests.swift */; };
/* End PBXBuildFile section */

/* Begin PBXContainerItemProxy section */
		A32E2CB9296ED7C900BCF5A5 /* PBXContainerItemProxy */ = {
			isa = PBXContainerItemProxy;
			containerPortal = A32E2CA0296ED7C500BCF5A5 /* Project object */;
			proxyType = 1;
			remoteGlobalIDString = A32E2CA7296ED7C500BCF5A5;
			remoteInfo = CheckBoxRadioButtonDemoApp;
		};
		A32E2CC3296ED7C900BCF5A5 /* PBXContainerItemProxy */ = {
			isa = PBXContainerItemProxy;
			containerPortal = A32E2CA0296ED7C500BCF5A5 /* Project object */;
			proxyType = 1;
			remoteGlobalIDString = A32E2CA7296ED7C500BCF5A5;
			remoteInfo = CheckBoxRadioButtonDemoApp;
		};
/* End PBXContainerItemProxy section */

/* Begin PBXFileReference section */
		A32E2CA8296ED7C600BCF5A5 /* CheckBoxRadioButtonDemoApp.app */ = {isa = PBXFileReference; explicitFileType = wrapper.application; includeInIndex = 0; path = CheckBoxRadioButtonDemoApp.app; sourceTree = BUILT_PRODUCTS_DIR; };
		A32E2CAB296ED7C600BCF5A5 /* CheckBoxRadioButtonDemoAppApp.swift */ = {isa = PBXFileReference; lastKnownFileType = sourcecode.swift; path = CheckBoxRadioButtonDemoAppApp.swift; sourceTree = "<group>"; };
		A32E2CAD296ED7C600BCF5A5 /* ContentView.swift */ = {isa = PBXFileReference; lastKnownFileType = sourcecode.swift; path = ContentView.swift; sourceTree = "<group>"; };
		A32E2CAF296ED7C900BCF5A5 /* Assets.xcassets */ = {isa = PBXFileReference; lastKnownFileType = folder.assetcatalog; path = Assets.xcassets; sourceTree = "<group>"; };
		A32E2CB2296ED7C900BCF5A5 /* Preview Assets.xcassets */ = {isa = PBXFileReference; lastKnownFileType = folder.assetcatalog; path = "Preview Assets.xcassets"; sourceTree = "<group>"; };
		A32E2CB8296ED7C900BCF5A5 /* CheckBoxRadioButtonDemoAppTests.xctest */ = {isa = PBXFileReference; explicitFileType = wrapper.cfbundle; includeInIndex = 0; path = CheckBoxRadioButtonDemoAppTests.xctest; sourceTree = BUILT_PRODUCTS_DIR; };
		A32E2CBC296ED7C900BCF5A5 /* CheckBoxRadioButtonDemoAppTests.swift */ = {isa = PBXFileReference; lastKnownFileType = sourcecode.swift; path = CheckBoxRadioButtonDemoAppTests.swift; sourceTree = "<group>"; };
		A32E2CC2296ED7C900BCF5A5 /* CheckBoxRadioButtonDemoAppUITests.xctest */ = {isa = PBXFileReference; explicitFileType = wrapper.cfbundle; includeInIndex = 0; path = CheckBoxRadioButtonDemoAppUITests.xctest; sourceTree = BUILT_PRODUCTS_DIR; };
		A32E2CC6296ED7C900BCF5A5 /* CheckBoxRadioButtonDemoAppUITests.swift */ = {isa = PBXFileReference; lastKnownFileType = sourcecode.swift; path = CheckBoxRadioButtonDemoAppUITests.swift; sourceTree = "<group>"; };
		A32E2CC8296ED7C900BCF5A5 /* CheckBoxRadioButtonDemoAppUITestsLaunchTests.swift */ = {isa = PBXFileReference; lastKnownFileType = sourcecode.swift; path = CheckBoxRadioButtonDemoAppUITestsLaunchTests.swift; sourceTree = "<group>"; };
/* End PBXFileReference section */

/* Begin PBXFrameworksBuildPhase section */
		A32E2CA5296ED7C500BCF5A5 /* Frameworks */ = {
			isa = PBXFrameworksBuildPhase;
			buildActionMask = 2147483647;
			files = (
			);
			runOnlyForDeploymentPostprocessing = 0;
		};
		A32E2CB5296ED7C900BCF5A5 /* Frameworks */ = {
			isa = PBXFrameworksBuildPhase;
			buildActionMask = 2147483647;
			files = (
			);
			runOnlyForDeploymentPostprocessing = 0;
		};
		A32E2CBF296ED7C900BCF5A5 /* Frameworks */ = {
			isa = PBXFrameworksBuildPhase;
			buildActionMask = 2147483647;
			files = (
			);
			runOnlyForDeploymentPostprocessing = 0;
		};
/* End PBXFrameworksBuildPhase section */

/* Begin PBXGroup section */
		A32E2C9F296ED7C500BCF5A5 = {
			isa = PBXGroup;
			children = (
				A32E2CAA296ED7C600BCF5A5 /* CheckBoxRadioButtonDemoApp */,
				A32E2CBB296ED7C900BCF5A5 /* CheckBoxRadioButtonDemoAppTests */,
				A32E2CC5296ED7C900BCF5A5 /* CheckBoxRadioButtonDemoAppUITests */,
				A32E2CA9296ED7C600BCF5A5 /* Products */,
			);
			sourceTree = "<group>";
		};
		A32E2CA9296ED7C600BCF5A5 /* Products */ = {
			isa = PBXGroup;
			children = (
				A32E2CA8296ED7C600BCF5A5 /* CheckBoxRadioButtonDemoApp.app */,
				A32E2CB8296ED7C900BCF5A5 /* CheckBoxRadioButtonDemoAppTests.xctest */,
				A32E2CC2296ED7C900BCF5A5 /* CheckBoxRadioButtonDemoAppUITests.xctest */,
			);
			name = Products;
			sourceTree = "<group>";
		};
		A32E2CAA296ED7C600BCF5A5 /* CheckBoxRadioButtonDemoApp */ = {
			isa = PBXGroup;
			children = (
				A32E2CAB296ED7C600BCF5A5 /* CheckBoxRadioButtonDemoAppApp.swift */,
				A32E2CAD296ED7C600BCF5A5 /* ContentView.swift */,
				A32E2CAF296ED7C900BCF5A5 /* Assets.xcassets */,
				A32E2CB1296ED7C900BCF5A5 /* Preview Content */,
			);
			path = CheckBoxRadioButtonDemoApp;
			sourceTree = "<group>";
		};
		A32E2CB1296ED7C900BCF5A5 /* Preview Content */ = {
			isa = PBXGroup;
			children = (
				A32E2CB2296ED7C900BCF5A5 /* Preview Assets.xcassets */,
			);
			path = "Preview Content";
			sourceTree = "<group>";
		};
		A32E2CBB296ED7C900BCF5A5 /* CheckBoxRadioButtonDemoAppTests */ = {
			isa = PBXGroup;
			children = (
				A32E2CBC296ED7C900BCF5A5 /* CheckBoxRadioButtonDemoAppTests.swift */,
			);
			path = CheckBoxRadioButtonDemoAppTests;
			sourceTree = "<group>";
		};
		A32E2CC5296ED7C900BCF5A5 /* CheckBoxRadioButtonDemoAppUITests */ = {
			isa = PBXGroup;
			children = (
				A32E2CC6296ED7C900BCF5A5 /* CheckBoxRadioButtonDemoAppUITests.swift */,
				A32E2CC8296ED7C900BCF5A5 /* CheckBoxRadioButtonDemoAppUITestsLaunchTests.swift */,
			);
			path = CheckBoxRadioButtonDemoAppUITests;
			sourceTree = "<group>";
		};
/* End PBXGroup section */

/* Begin PBXNativeTarget section */
		A32E2CA7296ED7C500BCF5A5 /* CheckBoxRadioButtonDemoApp */ = {
			isa = PBXNativeTarget;
			buildConfigurationList = A32E2CCC296ED7C900BCF5A5 /* Build configuration list for PBXNativeTarget "CheckBoxRadioButtonDemoApp" */;
			buildPhases = (
				A32E2CA4296ED7C500BCF5A5 /* Sources */,
				A32E2CA5296ED7C500BCF5A5 /* Frameworks */,
				A32E2CA6296ED7C500BCF5A5 /* Resources */,
			);
			buildRules = (
			);
			dependencies = (
			);
			name = CheckBoxRadioButtonDemoApp;
			productName = CheckBoxRadioButtonDemoApp;
			productReference = A32E2CA8296ED7C600BCF5A5 /* CheckBoxRadioButtonDemoApp.app */;
			productType = "com.apple.product-type.application";
		};
		A32E2CB7296ED7C900BCF5A5 /* CheckBoxRadioButtonDemoAppTests */ = {
			isa = PBXNativeTarget;
			buildConfigurationList = A32E2CCF296ED7C900BCF5A5 /* Build configuration list for PBXNativeTarget "CheckBoxRadioButtonDemoAppTests" */;
			buildPhases = (
				A32E2CB4296ED7C900BCF5A5 /* Sources */,
				A32E2CB5296ED7C900BCF5A5 /* Frameworks */,
				A32E2CB6296ED7C900BCF5A5 /* Resources */,
			);
			buildRules = (
			);
			dependencies = (
				A32E2CBA296ED7C900BCF5A5 /* PBXTargetDependency */,
			);
			name = CheckBoxRadioButtonDemoAppTests;
			productName = CheckBoxRadioButtonDemoAppTests;
			productReference = A32E2CB8296ED7C900BCF5A5 /* CheckBoxRadioButtonDemoAppTests.xctest */;
			productType = "com.apple.product-type.bundle.unit-test";
		};
		A32E2CC1296ED7C900BCF5A5 /* CheckBoxRadioButtonDemoAppUITests */ = {
			isa = PBXNativeTarget;
			buildConfigurationList = A32E2CD2296ED7C900BCF5A5 /* Build configuration list for PBXNativeTarget "CheckBoxRadioButtonDemoAppUITests" */;
			buildPhases = (
				A32E2CBE296ED7C900BCF5A5 /* Sources */,
				A32E2CBF296ED7C900BCF5A5 /* Frameworks */,
				A32E2CC0296ED7C900BCF5A5 /* Resources */,
			);
			buildRules = (
			);
			dependencies = (
				A32E2CC4296ED7C900BCF5A5 /* PBXTargetDependency */,
			);
			name = CheckBoxRadioButtonDemoAppUITests;
			productName = CheckBoxRadioButtonDemoAppUITests;
			productReference = A32E2CC2296ED7C900BCF5A5 /* CheckBoxRadioButtonDemoAppUITests.xctest */;
			productType = "com.apple.product-type.bundle.ui-testing";
		};
/* End PBXNativeTarget section */

/* Begin PBXProject section */
		A32E2CA0296ED7C500BCF5A5 /* Project object */ = {
			isa = PBXProject;
			attributes = {
				BuildIndependentTargetsInParallel = 1;
				LastSwiftUpdateCheck = 1420;
				LastUpgradeCheck = 1420;
				TargetAttributes = {
					A32E2CA7296ED7C500BCF5A5 = {
						CreatedOnToolsVersion = 14.2;
					};
					A32E2CB7296ED7C900BCF5A5 = {
						CreatedOnToolsVersion = 14.2;
						TestTargetID = A32E2CA7296ED7C500BCF5A5;
					};
					A32E2CC1296ED7C900BCF5A5 = {
						CreatedOnToolsVersion = 14.2;
						TestTargetID = A32E2CA7296ED7C500BCF5A5;
					};
				};
			};
			buildConfigurationList = A32E2CA3296ED7C500BCF5A5 /* Build configuration list for PBXProject "CheckBoxRadioButtonDemoApp" */;
			compatibilityVersion = "Xcode 14.0";
			developmentRegion = en;
			hasScannedForEncodings = 0;
			knownRegions = (
				en,
				Base,
			);
			mainGroup = A32E2C9F296ED7C500BCF5A5;
			productRefGroup = A32E2CA9296ED7C600BCF5A5 /* Products */;
			projectDirPath = "";
			projectRoot = "";
			targets = (
				A32E2CA7296ED7C500BCF5A5 /* CheckBoxRadioButtonDemoApp */,
				A32E2CB7296ED7C900BCF5A5 /* CheckBoxRadioButtonDemoAppTests */,
				A32E2CC1296ED7C900BCF5A5 /* CheckBoxRadioButtonDemoAppUITests */,
			);
		};
/* End PBXProject section */

/* Begin PBXResourcesBuildPhase section */
		A32E2CA6296ED7C500BCF5A5 /* Resources */ = {
			isa = PBXResourcesBuildPhase;
			buildActionMask = 2147483647;
			files = (
				A32E2CB3296ED7C900BCF5A5 /* Preview Assets.xcassets in Resources */,
				A32E2CB0296ED7C900BCF5A5 /* Assets.xcassets in Resources */,
			);
			runOnlyForDeploymentPostprocessing = 0;
		};
		A32E2CB6296ED7C900BCF5A5 /* Resources */ = {
			isa = PBXResourcesBuildPhase;
			buildActionMask = 2147483647;
			files = (
			);
			runOnlyForDeploymentPostprocessing = 0;
		};
		A32E2CC0296ED7C900BCF5A5 /* Resources */ = {
			isa = PBXResourcesBuildPhase;
			buildActionMask = 2147483647;
			files = (
			);
			runOnlyForDeploymentPostprocessing = 0;
		};
/* End PBXResourcesBuildPhase section */

/* Begin PBXSourcesBuildPhase section */
		A32E2CA4296ED7C500BCF5A5 /* Sources */ = {
			isa = PBXSourcesBuildPhase;
			buildActionMask = 2147483647;
			files = (
				A32E2CAE296ED7C600BCF5A5 /* ContentView.swift in Sources */,
				A32E2CAC296ED7C600BCF5A5 /* CheckBoxRadioButtonDemoAppApp.swift in Sources */,
			);
			runOnlyForDeploymentPostprocessing = 0;
		};
		A32E2CB4296ED7C900BCF5A5 /* Sources */ = {
			isa = PBXSourcesBuildPhase;
			buildActionMask = 2147483647;
			files = (
				A32E2CBD296ED7C900BCF5A5 /* CheckBoxRadioButtonDemoAppTests.swift in Sources */,
			);
			runOnlyForDeploymentPostprocessing = 0;
		};
		A32E2CBE296ED7C900BCF5A5 /* Sources */ = {
			isa = PBXSourcesBuildPhase;
			buildActionMask = 2147483647;
			files = (
				A32E2CC9296ED7C900BCF5A5 /* CheckBoxRadioButtonDemoAppUITestsLaunchTests.swift in Sources */,
				A32E2CC7296ED7C900BCF5A5 /* CheckBoxRadioButtonDemoAppUITests.swift in Sources */,
			);
			runOnlyForDeploymentPostprocessing = 0;
		};
/* End PBXSourcesBuildPhase section */

/* Begin PBXTargetDependency section */
		A32E2CBA296ED7C900BCF5A5 /* PBXTargetDependency */ = {
			isa = PBXTargetDependency;
			target = A32E2CA7296ED7C500BCF5A5 /* CheckBoxRadioButtonDemoApp */;
			targetProxy = A32E2CB9296ED7C900BCF5A5 /* PBXContainerItemProxy */;
		};
		A32E2CC4296ED7C900BCF5A5 /* PBXTargetDependency */ = {
			isa = PBXTargetDependency;
			target = A32E2CA7296ED7C500BCF5A5 /* CheckBoxRadioButtonDemoApp */;
			targetProxy = A32E2CC3296ED7C900BCF5A5 /* PBXContainerItemProxy */;
		};
/* End PBXTargetDependency section */

/* Begin XCBuildConfiguration section */
		A32E2CCA296ED7C900BCF5A5 /* Debug */ = {
			isa = XCBuildConfiguration;
			buildSettings = {
				ALWAYS_SEARCH_USER_PATHS = NO;
				CLANG_ANALYZER_NONNULL = YES;
				CLANG_ANALYZER_NUMBER_OBJECT_CONVERSION = YES_AGGRESSIVE;
				CLANG_CXX_LANGUAGE_STANDARD = "gnu++20";
				CLANG_ENABLE_MODULES = YES;
				CLANG_ENABLE_OBJC_ARC = YES;
				CLANG_ENABLE_OBJC_WEAK = YES;
				CLANG_WARN_BLOCK_CAPTURE_AUTORELEASING = YES;
				CLANG_WARN_BOOL_CONVERSION = YES;
				CLANG_WARN_COMMA = YES;
				CLANG_WARN_CONSTANT_CONVERSION = YES;
				CLANG_WARN_DEPRECATED_OBJC_IMPLEMENTATIONS = YES;
				CLANG_WARN_DIRECT_OBJC_ISA_USAGE = YES_ERROR;
				CLANG_WARN_DOCUMENTATION_COMMENTS = YES;
				CLANG_WARN_EMPTY_BODY = YES;
				CLANG_WARN_ENUM_CONVERSION = YES;
				CLANG_WARN_INFINITE_RECURSION = YES;
				CLANG_WARN_INT_CONVERSION = YES;
				CLANG_WARN_NON_LITERAL_NULL_CONVERSION = YES;
				CLANG_WARN_OBJC_IMPLICIT_RETAIN_SELF = YES;
				CLANG_WARN_OBJC_LITERAL_CONVERSION = YES;
				CLANG_WARN_OBJC_ROOT_CLASS = YES_ERROR;
				CLANG_WARN_QUOTED_INCLUDE_IN_FRAMEWORK_HEADER = YES;
				CLANG_WARN_RANGE_LOOP_ANALYSIS = YES;
				CLANG_WARN_STRICT_PROTOTYPES = YES;
				CLANG_WARN_SUSPICIOUS_MOVE = YES;
				CLANG_WARN_UNGUARDED_AVAILABILITY = YES_AGGRESSIVE;
				CLANG_WARN_UNREACHABLE_CODE = YES;
				CLANG_WARN__DUPLICATE_METHOD_MATCH = YES;
				COPY_PHASE_STRIP = NO;
				DEBUG_INFORMATION_FORMAT = dwarf;
				ENABLE_STRICT_OBJC_MSGSEND = YES;
				ENABLE_TESTABILITY = YES;
				GCC_C_LANGUAGE_STANDARD = gnu11;
				GCC_DYNAMIC_NO_PIC = NO;
				GCC_NO_COMMON_BLOCKS = YES;
				GCC_OPTIMIZATION_LEVEL = 0;
				GCC_PREPROCESSOR_DEFINITIONS = (
					"DEBUG=1",
					"$(inherited)",
				);
				GCC_WARN_64_TO_32_BIT_CONVERSION = YES;
				GCC_WARN_ABOUT_RETURN_TYPE = YES_ERROR;
				GCC_WARN_UNDECLARED_SELECTOR = YES;
				GCC_WARN_UNINITIALIZED_AUTOS = YES_AGGRESSIVE;
				GCC_WARN_UNUSED_FUNCTION = YES;
				GCC_WARN_UNUSED_VARIABLE = YES;
				IPHONEOS_DEPLOYMENT_TARGET = 16.2;
				MTL_ENABLE_DEBUG_INFO = INCLUDE_SOURCE;
				MTL_FAST_MATH = YES;
				ONLY_ACTIVE_ARCH = YES;
				SDKROOT = iphoneos;
				SWIFT_ACTIVE_COMPILATION_CONDITIONS = DEBUG;
				SWIFT_OPTIMIZATION_LEVEL = "-Onone";
			};
			name = Debug;
		};
		A32E2CCB296ED7C900BCF5A5 /* Release */ = {
			isa = XCBuildConfiguration;
			buildSettings = {
				ALWAYS_SEARCH_USER_PATHS = NO;
				CLANG_ANALYZER_NONNULL = YES;
				CLANG_ANALYZER_NUMBER_OBJECT_CONVERSION = YES_AGGRESSIVE;
				CLANG_CXX_LANGUAGE_STANDARD = "gnu++20";
				CLANG_ENABLE_MODULES = YES;
				CLANG_ENABLE_OBJC_ARC = YES;
				CLANG_ENABLE_OBJC_WEAK = YES;
				CLANG_WARN_BLOCK_CAPTURE_AUTORELEASING = YES;
				CLANG_WARN_BOOL_CONVERSION = YES;
				CLANG_WARN_COMMA = YES;
				CLANG_WARN_CONSTANT_CONVERSION = YES;
				CLANG_WARN_DEPRECATED_OBJC_IMPLEMENTATIONS = YES;
				CLANG_WARN_DIRECT_OBJC_ISA_USAGE = YES_ERROR;
				CLANG_WARN_DOCUMENTATION_COMMENTS = YES;
				CLANG_WARN_EMPTY_BODY = YES;
				CLANG_WARN_ENUM_CONVERSION = YES;
				CLANG_WARN_INFINITE_RECURSION = YES;
				CLANG_WARN_INT_CONVERSION = YES;
				CLANG_WARN_NON_LITERAL_NULL_CONVERSION = YES;
				CLANG_WARN_OBJC_IMPLICIT_RETAIN_SELF = YES;
				CLANG_WARN_OBJC_LITERAL_CONVERSION = YES;
				CLANG_WARN_OBJC_ROOT_CLASS = YES_ERROR;
				CLANG_WARN_QUOTED_INCLUDE_IN_FRAMEWORK_HEADER = YES;
				CLANG_WARN_RANGE_LOOP_ANALYSIS = YES;
				CLANG_WARN_STRICT_PROTOTYPES = YES;
				CLANG_WARN_SUSPICIOUS_MOVE = YES;
				CLANG_WARN_UNGUARDED_AVAILABILITY = YES_AGGRESSIVE;
				CLANG_WARN_UNREACHABLE_CODE = YES;
				CLANG_WARN__DUPLICATE_METHOD_MATCH = YES;
				COPY_PHASE_STRIP = NO;
				DEBUG_INFORMATION_FORMAT = "dwarf-with-dsym";
				ENABLE_NS_ASSERTIONS = NO;
				ENABLE_STRICT_OBJC_MSGSEND = YES;
				GCC_C_LANGUAGE_STANDARD = gnu11;
				GCC_NO_COMMON_BLOCKS = YES;
				GCC_WARN_64_TO_32_BIT_CONVERSION = YES;
				GCC_WARN_ABOUT_RETURN_TYPE = YES_ERROR;
				GCC_WARN_UNDECLARED_SELECTOR = YES;
				GCC_WARN_UNINITIALIZED_AUTOS = YES_AGGRESSIVE;
				GCC_WARN_UNUSED_FUNCTION = YES;
				GCC_WARN_UNUSED_VARIABLE = YES;
				IPHONEOS_DEPLOYMENT_TARGET = 16.2;
				MTL_ENABLE_DEBUG_INFO = NO;
				MTL_FAST_MATH = YES;
				SDKROOT = iphoneos;
				SWIFT_COMPILATION_MODE = wholemodule;
				SWIFT_OPTIMIZATION_LEVEL = "-O";
				VALIDATE_PRODUCT = YES;
			};
			name = Release;
		};
		A32E2CCD296ED7C900BCF5A5 /* Debug */ = {
			isa = XCBuildConfiguration;
			buildSettings = {
				ASSETCATALOG_COMPILER_APPICON_NAME = AppIcon;
				ASSETCATALOG_COMPILER_GLOBAL_ACCENT_COLOR_NAME = AccentColor;
				CODE_SIGN_STYLE = Automatic;
				CURRENT_PROJECT_VERSION = 1;
				DEVELOPMENT_ASSET_PATHS = "\"CheckBoxRadioButtonDemoApp/Preview Content\"";
				DEVELOPMENT_TEAM = F39YLTWJFM;
				ENABLE_PREVIEWS = YES;
				GENERATE_INFOPLIST_FILE = YES;
				INFOPLIST_KEY_UIApplicationSceneManifest_Generation = YES;
				INFOPLIST_KEY_UIApplicationSupportsIndirectInputEvents = YES;
				INFOPLIST_KEY_UILaunchScreen_Generation = YES;
				INFOPLIST_KEY_UISupportedInterfaceOrientations_iPad = "UIInterfaceOrientationPortrait UIInterfaceOrientationPortraitUpsideDown UIInterfaceOrientationLandscapeLeft UIInterfaceOrientationLandscapeRight";
				INFOPLIST_KEY_UISupportedInterfaceOrientations_iPhone = "UIInterfaceOrientationPortrait UIInterfaceOrientationLandscapeLeft UIInterfaceOrientationLandscapeRight";
				LD_RUNPATH_SEARCH_PATHS = (
					"$(inherited)",
					"@executable_path/Frameworks",
				);
				MARKETING_VERSION = 1.0;
				PRODUCT_BUNDLE_IDENTIFIER = FRyota.CheckBoxRadioButtonDemoApp;
				PRODUCT_NAME = "$(TARGET_NAME)";
				SWIFT_EMIT_LOC_STRINGS = YES;
				SWIFT_VERSION = 5.0;
				TARGETED_DEVICE_FAMILY = "1,2";
			};
			name = Debug;
		};
		A32E2CCE296ED7C900BCF5A5 /* Release */ = {
			isa = XCBuildConfiguration;
			buildSettings = {
				ASSETCATALOG_COMPILER_APPICON_NAME = AppIcon;
				ASSETCATALOG_COMPILER_GLOBAL_ACCENT_COLOR_NAME = AccentColor;
				CODE_SIGN_STYLE = Automatic;
				CURRENT_PROJECT_VERSION = 1;
				DEVELOPMENT_ASSET_PATHS = "\"CheckBoxRadioButtonDemoApp/Preview Content\"";
				DEVELOPMENT_TEAM = F39YLTWJFM;
				ENABLE_PREVIEWS = YES;
				GENERATE_INFOPLIST_FILE = YES;
				INFOPLIST_KEY_UIApplicationSceneManifest_Generation = YES;
				INFOPLIST_KEY_UIApplicationSupportsIndirectInputEvents = YES;
				INFOPLIST_KEY_UILaunchScreen_Generation = YES;
				INFOPLIST_KEY_UISupportedInterfaceOrientations_iPad = "UIInterfaceOrientationPortrait UIInterfaceOrientationPortraitUpsideDown UIInterfaceOrientationLandscapeLeft UIInterfaceOrientationLandscapeRight";
				INFOPLIST_KEY_UISupportedInterfaceOrientations_iPhone = "UIInterfaceOrientationPortrait UIInterfaceOrientationLandscapeLeft UIInterfaceOrientationLandscapeRight";
				LD_RUNPATH_SEARCH_PATHS = (
					"$(inherited)",
					"@executable_path/Frameworks",
				);
				MARKETING_VERSION = 1.0;
				PRODUCT_BUNDLE_IDENTIFIER = FRyota.CheckBoxRadioButtonDemoApp;
				PRODUCT_NAME = "$(TARGET_NAME)";
				SWIFT_EMIT_LOC_STRINGS = YES;
				SWIFT_VERSION = 5.0;
				TARGETED_DEVICE_FAMILY = "1,2";
			};
			name = Release;
		};
		A32E2CD0296ED7C900BCF5A5 /* Debug */ = {
			isa = XCBuildConfiguration;
			buildSettings = {
				ALWAYS_EMBED_SWIFT_STANDARD_LIBRARIES = YES;
				BUNDLE_LOADER = "$(TEST_HOST)";
				CODE_SIGN_STYLE = Automatic;
				CURRENT_PROJECT_VERSION = 1;
				DEVELOPMENT_TEAM = F39YLTWJFM;
				GENERATE_INFOPLIST_FILE = YES;
				IPHONEOS_DEPLOYMENT_TARGET = 16.2;
				MARKETING_VERSION = 1.0;
				PRODUCT_BUNDLE_IDENTIFIER = FRyota.CheckBoxRadioButtonDemoAppTests;
				PRODUCT_NAME = "$(TARGET_NAME)";
				SWIFT_EMIT_LOC_STRINGS = NO;
				SWIFT_VERSION = 5.0;
				TARGETED_DEVICE_FAMILY = "1,2";
				TEST_HOST = "$(BUILT_PRODUCTS_DIR)/CheckBoxRadioButtonDemoApp.app/$(BUNDLE_EXECUTABLE_FOLDER_PATH)/CheckBoxRadioButtonDemoApp";
			};
			name = Debug;
		};
		A32E2CD1296ED7C900BCF5A5 /* Release */ = {
			isa = XCBuildConfiguration;
			buildSettings = {
				ALWAYS_EMBED_SWIFT_STANDARD_LIBRARIES = YES;
				BUNDLE_LOADER = "$(TEST_HOST)";
				CODE_SIGN_STYLE = Automatic;
				CURRENT_PROJECT_VERSION = 1;
				DEVELOPMENT_TEAM = F39YLTWJFM;
				GENERATE_INFOPLIST_FILE = YES;
				IPHONEOS_DEPLOYMENT_TARGET = 16.2;
				MARKETING_VERSION = 1.0;
				PRODUCT_BUNDLE_IDENTIFIER = FRyota.CheckBoxRadioButtonDemoAppTests;
				PRODUCT_NAME = "$(TARGET_NAME)";
				SWIFT_EMIT_LOC_STRINGS = NO;
				SWIFT_VERSION = 5.0;
				TARGETED_DEVICE_FAMILY = "1,2";
				TEST_HOST = "$(BUILT_PRODUCTS_DIR)/CheckBoxRadioButtonDemoApp.app/$(BUNDLE_EXECUTABLE_FOLDER_PATH)/CheckBoxRadioButtonDemoApp";
			};
			name = Release;
		};
		A32E2CD3296ED7C900BCF5A5 /* Debug */ = {
			isa = XCBuildConfiguration;
			buildSettings = {
				ALWAYS_EMBED_SWIFT_STANDARD_LIBRARIES = YES;
				CODE_SIGN_STYLE = Automatic;
				CURRENT_PROJECT_VERSION = 1;
				DEVELOPMENT_TEAM = F39YLTWJFM;
				GENERATE_INFOPLIST_FILE = YES;
				MARKETING_VERSION = 1.0;
				PRODUCT_BUNDLE_IDENTIFIER = FRyota.CheckBoxRadioButtonDemoAppUITests;
				PRODUCT_NAME = "$(TARGET_NAME)";
				SWIFT_EMIT_LOC_STRINGS = NO;
				SWIFT_VERSION = 5.0;
				TARGETED_DEVICE_FAMILY = "1,2";
				TEST_TARGET_NAME = CheckBoxRadioButtonDemoApp;
			};
			name = Debug;
		};
		A32E2CD4296ED7C900BCF5A5 /* Release */ = {
			isa = XCBuildConfiguration;
			buildSettings = {
				ALWAYS_EMBED_SWIFT_STANDARD_LIBRARIES = YES;
				CODE_SIGN_STYLE = Automatic;
				CURRENT_PROJECT_VERSION = 1;
				DEVELOPMENT_TEAM = F39YLTWJFM;
				GENERATE_INFOPLIST_FILE = YES;
				MARKETING_VERSION = 1.0;
				PRODUCT_BUNDLE_IDENTIFIER = FRyota.CheckBoxRadioButtonDemoAppUITests;
				PRODUCT_NAME = "$(TARGET_NAME)";
				SWIFT_EMIT_LOC_STRINGS = NO;
				SWIFT_VERSION = 5.0;
				TARGETED_DEVICE_FAMILY = "1,2";
				TEST_TARGET_NAME = CheckBoxRadioButtonDemoApp;
			};
			name = Release;
		};
/* End XCBuildConfiguration section */

/* Begin XCConfigurationList section */
		A32E2CA3296ED7C500BCF5A5 /* Build configuration list for PBXProject "CheckBoxRadioButtonDemoApp" */ = {
			isa = XCConfigurationList;
			buildConfigurations = (
				A32E2CCA296ED7C900BCF5A5 /* Debug */,
				A32E2CCB296ED7C900BCF5A5 /* Release */,
			);
			defaultConfigurationIsVisible = 0;
			defaultConfigurationName = Release;
		};
		A32E2CCC296ED7C900BCF5A5 /* Build configuration list for PBXNativeTarget "CheckBoxRadioButtonDemoApp" */ = {
			isa = XCConfigurationList;
			buildConfigurations = (
				A32E2CCD296ED7C900BCF5A5 /* Debug */,
				A32E2CCE296ED7C900BCF5A5 /* Release */,
			);
			defaultConfigurationIsVisible = 0;
			defaultConfigurationName = Release;
		};
		A32E2CCF296ED7C900BCF5A5 /* Build configuration list for PBXNativeTarget "CheckBoxRadioButtonDemoAppTests" */ = {
			isa = XCConfigurationList;
			buildConfigurations = (
				A32E2CD0296ED7C900BCF5A5 /* Debug */,
				A32E2CD1296ED7C900BCF5A5 /* Release */,
			);
			defaultConfigurationIsVisible = 0;
			defaultConfigurationName = Release;
		};
		A32E2CD2296ED7C900BCF5A5 /* Build configuration list for PBXNativeTarget "CheckBoxRadioButtonDemoAppUITests" */ = {
			isa = XCConfigurationList;
			buildConfigurations = (
				A32E2CD3296ED7C900BCF5A5 /* Debug */,
				A32E2CD4296ED7C900BCF5A5 /* Release */,
			);
			defaultConfigurationIsVisible = 0;
			defaultConfigurationName = Release;
		};
/* End XCConfigurationList section */
	};
	rootObject = A32E2CA0296ED7C500BCF5A5 /* Project object */;
}
